
Microsoft Visual Studio Solution File, Format Version 12.00
# Visual Studio Version 16
VisualStudioVersion = 16.0.32929.386
MinimumVisualStudioVersion = 10.0.40219.1
Project("{FAE04EC0-301F-11D3-BF4B-00C04F79EFBC}") = "OperatorChallenge", "OperatorChallenge\OperatorChallenge.csproj", "{A28B6365-0000-4C2B-A693-6738D51634ED}"
EndProject
Global
	GlobalSection(SolutionConfigurationPlatforms) = preSolution
		Debug|Any CPU = Debug|Any CPU
		Release|Any CPU = Release|Any CPU
	EndGlobalSection
	GlobalSection(ProjectConfigurationPlatforms) = postSolution
		{A28B6365-0000-4C2B-A693-6738D51634ED}.Debug|Any CPU.ActiveCfg = Debug|Any CPU
		{A28B6365-0000-4C2B-A693-6738D51634ED}.Debug|Any CPU.Build.0 = Debug|Any CPU
		{A28B6365-0000-4C2B-A693-6738D51634ED}.Release|Any CPU.ActiveCfg = Release|Any CPU
		{A28B6365-0000-4C2B-A693-6738D51634ED}.Release|Any CPU.Build.0 = Release|Any CPU
	EndGlobalSection
	GlobalSection(SolutionProperties) = preSolution
		HideSolutionNode = FALSE
	EndGlobalSection
	GlobalSection(ExtensibilityGlobals) = postSolution
		SolutionGuid = {6AF86D9F-3949-4F56-9EFB-78E08A59C91B}
	EndGlobalSection
EndGlobal
