
Microsoft Visual Studio Solution File, Format Version 12.00
# Visual Studio Version 16
VisualStudioVersion = 16.0.32929.386
MinimumVisualStudioVersion = 10.0.40219.1
Project("{FAE04EC0-301F-11D3-BF4B-00C04F79EFBC}") = "ChallengeAssignment", "ChallengeAssignment\ChallengeAssignment.csproj", "{40DAC7AB-6354-415C-BFF6-B5C1915E9A62}"
EndProject
Global
	GlobalSection(SolutionConfigurationPlatforms) = preSolution
		Debug|Any CPU = Debug|Any CPU
		Release|Any CPU = Release|Any CPU
	EndGlobalSection
	GlobalSection(ProjectConfigurationPlatforms) = postSolution
		{40DAC7AB-6354-415C-BFF6-B5C1915E9A62}.Debug|Any CPU.ActiveCfg = Debug|Any CPU
		{40DAC7AB-6354-415C-BFF6-B5C1915E9A62}.Debug|Any CPU.Build.0 = Debug|Any CPU
		{40DAC7AB-6354-415C-BFF6-B5C1915E9A62}.Release|Any CPU.ActiveCfg = Release|Any CPU
		{40DAC7AB-6354-415C-BFF6-B5C1915E9A62}.Release|Any CPU.Build.0 = Release|Any CPU
	EndGlobalSection
	GlobalSection(SolutionProperties) = preSolution
		HideSolutionNode = FALSE
	EndGlobalSection
	GlobalSection(ExtensibilityGlobals) = postSolution
		SolutionGuid = {AF07A779-D363-4F5C-A523-C620D50E911A}
	EndGlobalSection
EndGlobal
