
Microsoft Visual Studio Solution File, Format Version 12.00
# Visual Studio Version 16
VisualStudioVersion = 16.0.32929.386
MinimumVisualStudioVersion = 10.0.40219.1
Project("{FAE04EC0-301F-11D3-BF4B-00C04F79EFBC}") = "ClassAssignment", "ClassAssignment\ClassAssignment.csproj", "{8BCC7E4C-B1AB-4958-AAF3-4AC37CDDCA20}"
EndProject
Global
	GlobalSection(SolutionConfigurationPlatforms) = preSolution
		Debug|Any CPU = Debug|Any CPU
		Release|Any CPU = Release|Any CPU
	EndGlobalSection
	GlobalSection(ProjectConfigurationPlatforms) = postSolution
		{8BCC7E4C-B1AB-4958-AAF3-4AC37CDDCA20}.Debug|Any CPU.ActiveCfg = Debug|Any CPU
		{8BCC7E4C-B1AB-4958-AAF3-4AC37CDDCA20}.Debug|Any CPU.Build.0 = Debug|Any CPU
		{8BCC7E4C-B1AB-4958-AAF3-4AC37CDDCA20}.Release|Any CPU.ActiveCfg = Release|Any CPU
		{8BCC7E4C-B1AB-4958-AAF3-4AC37CDDCA20}.Release|Any CPU.Build.0 = Release|Any CPU
	EndGlobalSection
	GlobalSection(SolutionProperties) = preSolution
		HideSolutionNode = FALSE
	EndGlobalSection
	GlobalSection(ExtensibilityGlobals) = postSolution
		SolutionGuid = {1B3BC4A7-A684-4AE7-A040-7970AC43F63B}
	EndGlobalSection
EndGlobal
