
Microsoft Visual Studio Solution File, Format Version 12.00
# Visual Studio Version 16
VisualStudioVersion = 16.0.32929.386
MinimumVisualStudioVersion = 10.0.40219.1
Project("{FAE04EC0-301F-11D3-BF4B-00C04F79EFBC}") = "DateTimeAssignment", "DateTimeAssignment\DateTimeAssignment.csproj", "{793D1607-A32C-405D-A681-C6BFDA0C64DB}"
EndProject
Global
	GlobalSection(SolutionConfigurationPlatforms) = preSolution
		Debug|Any CPU = Debug|Any CPU
		Release|Any CPU = Release|Any CPU
	EndGlobalSection
	GlobalSection(ProjectConfigurationPlatforms) = postSolution
		{793D1607-A32C-405D-A681-C6BFDA0C64DB}.Debug|Any CPU.ActiveCfg = Debug|Any CPU
		{793D1607-A32C-405D-A681-C6BFDA0C64DB}.Debug|Any CPU.Build.0 = Debug|Any CPU
		{793D1607-A32C-405D-A681-C6BFDA0C64DB}.Release|Any CPU.ActiveCfg = Release|Any CPU
		{793D1607-A32C-405D-A681-C6BFDA0C64DB}.Release|Any CPU.Build.0 = Release|Any CPU
	EndGlobalSection
	GlobalSection(SolutionProperties) = preSolution
		HideSolutionNode = FALSE
	EndGlobalSection
	GlobalSection(ExtensibilityGlobals) = postSolution
		SolutionGuid = {DB25B711-698D-4911-AAAA-786FA61233B6}
	EndGlobalSection
EndGlobal
