
Microsoft Visual Studio Solution File, Format Version 12.00
# Visual Studio Version 16
VisualStudioVersion = 16.0.32929.386
MinimumVisualStudioVersion = 10.0.40219.1
Project("{FAE04EC0-301F-11D3-BF4B-00C04F79EFBC}") = "TwentyOne", "TwentyOne\TwentyOne.csproj", "{AACEAFC7-BEB6-4D39-B626-2BC3F381593C}"
EndProject
Global
	GlobalSection(SolutionConfigurationPlatforms) = preSolution
		Debug|Any CPU = Debug|Any CPU
		Release|Any CPU = Release|Any CPU
	EndGlobalSection
	GlobalSection(ProjectConfigurationPlatforms) = postSolution
		{AACEAFC7-BEB6-4D39-B626-2BC3F381593C}.Debug|Any CPU.ActiveCfg = Debug|Any CPU
		{AACEAFC7-BEB6-4D39-B626-2BC3F381593C}.Debug|Any CPU.Build.0 = Debug|Any CPU
		{AACEAFC7-BEB6-4D39-B626-2BC3F381593C}.Release|Any CPU.ActiveCfg = Release|Any CPU
		{AACEAFC7-BEB6-4D39-B626-2BC3F381593C}.Release|Any CPU.Build.0 = Release|Any CPU
	EndGlobalSection
	GlobalSection(SolutionProperties) = preSolution
		HideSolutionNode = FALSE
	EndGlobalSection
	GlobalSection(ExtensibilityGlobals) = postSolution
		SolutionGuid = {D7EDE8E2-6DAE-43CF-9A15-9AAEE4747655}
	EndGlobalSection
EndGlobal
