
Microsoft Visual Studio Solution File, Format Version 12.00
# Visual Studio Version 16
VisualStudioVersion = 16.0.32929.386
MinimumVisualStudioVersion = 10.0.40219.1
Project("{FAE04EC0-301F-11D3-BF4B-00C04F79EFBC}") = "ConstructorAssignment", "ConstructorAssignment\ConstructorAssignment.csproj", "{504228CB-800C-40C9-A58C-8567E7626B4E}"
EndProject
Global
	GlobalSection(SolutionConfigurationPlatforms) = preSolution
		Debug|Any CPU = Debug|Any CPU
		Release|Any CPU = Release|Any CPU
	EndGlobalSection
	GlobalSection(ProjectConfigurationPlatforms) = postSolution
		{504228CB-800C-40C9-A58C-8567E7626B4E}.Debug|Any CPU.ActiveCfg = Debug|Any CPU
		{504228CB-800C-40C9-A58C-8567E7626B4E}.Debug|Any CPU.Build.0 = Debug|Any CPU
		{504228CB-800C-40C9-A58C-8567E7626B4E}.Release|Any CPU.ActiveCfg = Release|Any CPU
		{504228CB-800C-40C9-A58C-8567E7626B4E}.Release|Any CPU.Build.0 = Release|Any CPU
	EndGlobalSection
	GlobalSection(SolutionProperties) = preSolution
		HideSolutionNode = FALSE
	EndGlobalSection
	GlobalSection(ExtensibilityGlobals) = postSolution
		SolutionGuid = {3B3E9A53-8B83-4573-AFCD-EA52F9614F63}
	EndGlobalSection
EndGlobal
