
Microsoft Visual Studio Solution File, Format Version 12.00
# Visual Studio Version 16
VisualStudioVersion = 16.0.32929.386
MinimumVisualStudioVersion = 10.0.40219.1
Project("{FAE04EC0-301F-11D3-BF4B-00C04F79EFBC}") = "ExceptionHandling", "ExceptionHandling\ExceptionHandling.csproj", "{A97BC53A-E31B-41B2-A1B6-3760E645AFF8}"
EndProject
Global
	GlobalSection(SolutionConfigurationPlatforms) = preSolution
		Debug|Any CPU = Debug|Any CPU
		Release|Any CPU = Release|Any CPU
	EndGlobalSection
	GlobalSection(ProjectConfigurationPlatforms) = postSolution
		{A97BC53A-E31B-41B2-A1B6-3760E645AFF8}.Debug|Any CPU.ActiveCfg = Debug|Any CPU
		{A97BC53A-E31B-41B2-A1B6-3760E645AFF8}.Debug|Any CPU.Build.0 = Debug|Any CPU
		{A97BC53A-E31B-41B2-A1B6-3760E645AFF8}.Release|Any CPU.ActiveCfg = Release|Any CPU
		{A97BC53A-E31B-41B2-A1B6-3760E645AFF8}.Release|Any CPU.Build.0 = Release|Any CPU
	EndGlobalSection
	GlobalSection(SolutionProperties) = preSolution
		HideSolutionNode = FALSE
	EndGlobalSection
	GlobalSection(ExtensibilityGlobals) = postSolution
		SolutionGuid = {20803FAC-D819-49D2-B0F0-FCF990C92D0F}
	EndGlobalSection
EndGlobal
